
Microsoft Visual Studio Solution File, Format Version 12.00
# Visual Studio Version 17
VisualStudioVersion = 17.11.35303.130
MinimumVisualStudioVersion = 10.0.40219.1
Project("{9A19103F-16F7-4668-BE54-9A1E7A4F7556}") = "EMRSimulationWebApp", "EMRSimulationWebApp.csproj", "{4DE4DA2D-172B-4FB8-BF12-E6A8C21D1FAE}"
EndProject
Project("{9A19103F-16F7-4668-BE54-9A1E7A4F7556}") = "EMRSimulation.Domain", "..\EMRSimulation.Domain\EMRSimulation.Domain.csproj", "{79BE6425-7758-4662-9E8F-025E2FAC7991}"
EndProject
Project("{FAE04EC0-301F-11D3-BF4B-00C04F79EFBC}") = "EMRSimulation.Application", "..\EMRSimulation.Application\EMRSimulation.Application.csproj", "{68EAF80F-2B86-463C-A2AD-996F268F0E29}"
EndProject
Project("{FAE04EC0-301F-11D3-BF4B-00C04F79EFBC}") = "EMRSimulation.Infrastructure", "..\EMRSimulation.Infrastructure\EMRSimulation.Infrastructure.csproj", "{8316D4A9-5C9C-4A40-BB48-E7D690F0D976}"
EndProject
Global
	GlobalSection(SolutionConfigurationPlatforms) = preSolution
		Debug|Any CPU = Debug|Any CPU
		Release|Any CPU = Release|Any CPU
	EndGlobalSection
	GlobalSection(ProjectConfigurationPlatforms) = postSolution
		{4DE4DA2D-172B-4FB8-BF12-E6A8C21D1FAE}.Debug|Any CPU.ActiveCfg = Debug|Any CPU
		{4DE4DA2D-172B-4FB8-BF12-E6A8C21D1FAE}.Debug|Any CPU.Build.0 = Debug|Any CPU
		{4DE4DA2D-172B-4FB8-BF12-E6A8C21D1FAE}.Release|Any CPU.ActiveCfg = Release|Any CPU
		{4DE4DA2D-172B-4FB8-BF12-E6A8C21D1FAE}.Release|Any CPU.Build.0 = Release|Any CPU
		{79BE6425-7758-4662-9E8F-025E2FAC7991}.Debug|Any CPU.ActiveCfg = Debug|Any CPU
		{79BE6425-7758-4662-9E8F-025E2FAC7991}.Debug|Any CPU.Build.0 = Debug|Any CPU
		{79BE6425-7758-4662-9E8F-025E2FAC7991}.Release|Any CPU.ActiveCfg = Release|Any CPU
		{79BE6425-7758-4662-9E8F-025E2FAC7991}.Release|Any CPU.Build.0 = Release|Any CPU
		{68EAF80F-2B86-463C-A2AD-996F268F0E29}.Debug|Any CPU.ActiveCfg = Debug|Any CPU
		{68EAF80F-2B86-463C-A2AD-996F268F0E29}.Debug|Any CPU.Build.0 = Debug|Any CPU
		{68EAF80F-2B86-463C-A2AD-996F268F0E29}.Release|Any CPU.ActiveCfg = Release|Any CPU
		{68EAF80F-2B86-463C-A2AD-996F268F0E29}.Release|Any CPU.Build.0 = Release|Any CPU
		{8316D4A9-5C9C-4A40-BB48-E7D690F0D976}.Debug|Any CPU.ActiveCfg = Debug|Any CPU
		{8316D4A9-5C9C-4A40-BB48-E7D690F0D976}.Debug|Any CPU.Build.0 = Debug|Any CPU
		{8316D4A9-5C9C-4A40-BB48-E7D690F0D976}.Release|Any CPU.ActiveCfg = Release|Any CPU
		{8316D4A9-5C9C-4A40-BB48-E7D690F0D976}.Release|Any CPU.Build.0 = Release|Any CPU
	EndGlobalSection
	GlobalSection(SolutionProperties) = preSolution
		HideSolutionNode = FALSE
	EndGlobalSection
	GlobalSection(ExtensibilityGlobals) = postSolution
		SolutionGuid = {FE44E582-C487-41C1-8502-105C09C35C90}
	EndGlobalSection
EndGlobal
